
Microsoft Visual Studio Solution File, Format Version 12.00
# Visual Studio Version 17
VisualStudioVersion = 17.3.32922.545
MinimumVisualStudioVersion = 10.0.40219.1
Project("{FAE04EC0-301F-11D3-BF4B-00C04F79EFBC}") = "ESPClient", "ESPClient\ESPClient.csproj", "{18C36A14-ECD9-46EC-861B-29C6997F9EF5}"
EndProject
Global
	GlobalSection(SolutionConfigurationPlatforms) = preSolution
		Debug|Any CPU = Debug|Any CPU
		Release|Any CPU = Release|Any CPU
	EndGlobalSection
	GlobalSection(ProjectConfigurationPlatforms) = postSolution
		{18C36A14-ECD9-46EC-861B-29C6997F9EF5}.Debug|Any CPU.ActiveCfg = Debug|Any CPU
		{18C36A14-ECD9-46EC-861B-29C6997F9EF5}.Debug|Any CPU.Build.0 = Debug|Any CPU
		{18C36A14-ECD9-46EC-861B-29C6997F9EF5}.Release|Any CPU.ActiveCfg = Release|Any CPU
		{18C36A14-ECD9-46EC-861B-29C6997F9EF5}.Release|Any CPU.Build.0 = Release|Any CPU
	EndGlobalSection
	GlobalSection(SolutionProperties) = preSolution
		HideSolutionNode = FALSE
	EndGlobalSection
	GlobalSection(ExtensibilityGlobals) = postSolution
		SolutionGuid = {69030552-7DF1-4C03-B812-66585A13374E}
	EndGlobalSection
EndGlobal
